Microsoft Visual Studio Solution File, Format Version 12.00
# Visual Studio Version 17
VisualStudioVersion = 17.5.2.0
MinimumVisualStudioVersion = 10.0.40219.1
Project("{FAE04EC0-301F-11D3-BF4B-00C04F79EFBC}") = "Ejemplo4", "Ejemplo4.csproj", "{A0C89F9E-B6B4-EB62-7355-09E53E83AE05}"
EndProject
Global
	GlobalSection(SolutionConfigurationPlatforms) = preSolution
		Debug|Any CPU = Debug|Any CPU
		Release|Any CPU = Release|Any CPU
	EndGlobalSection
	GlobalSection(ProjectConfigurationPlatforms) = postSolution
		{A0C89F9E-B6B4-EB62-7355-09E53E83AE05}.Debug|Any CPU.ActiveCfg = Debug|Any CPU
		{A0C89F9E-B6B4-EB62-7355-09E53E83AE05}.Debug|Any CPU.Build.0 = Debug|Any CPU
		{A0C89F9E-B6B4-EB62-7355-09E53E83AE05}.Release|Any CPU.ActiveCfg = Release|Any CPU
		{A0C89F9E-B6B4-EB62-7355-09E53E83AE05}.Release|Any CPU.Build.0 = Release|Any CPU
	EndGlobalSection
	GlobalSection(SolutionProperties) = preSolution
		HideSolutionNode = FALSE
	EndGlobalSection
	GlobalSection(ExtensibilityGlobals) = postSolution
		SolutionGuid = {14FC9443-8B47-40A4-A1CE-E7C9FB9D20AD}
	EndGlobalSection
EndGlobal
